// !$*UTF8*$!
{
	archiveVersion = 1;
	classes = {
	};
	objectVersion = 50;
	objects = {

/* Begin PBXBuildFile section */
		ADF22CD8215744740034AAE1 /* AppDelegate.swift in Sources */ = {isa = PBXBuildFile; fileRef = ADF22CD7215744740034AAE1 /* AppDelegate.swift */; };
		ADF22CDA215744740034AAE1 /* ViewController.swift in Sources */ = {isa = PBXBuildFile; fileRef = ADF22CD9215744740034AAE1 /* ViewController.swift */; };
		ADF22CDD215744740034AAE1 /* Main.storyboard in Resources */ = {isa = PBXBuildFile; fileRef = ADF22CDB215744740034AAE1 /* Main.storyboard */; };
		ADF22CDF215744740034AAE1 /* Assets.xcassets in Resources */ = {isa = PBXBuildFile; fileRef = ADF22CDE215744740034AAE1 /* Assets.xcassets */; };
		ADF22CE2215744740034AAE1 /* LaunchScreen.storyboard in Resources */ = {isa = PBXBuildFile; fileRef = ADF22CE0215744740034AAE1 /* LaunchScreen.storyboard */; };
		ADF22CED215744740034AAE1 /* StrokeViewSampleTests.swift in Sources */ = {isa = PBXBuildFile; fileRef = ADF22CEC215744740034AAE1 /* StrokeViewSampleTests.swift */; };
		ADF22CF8215744740034AAE1 /* StrokeViewSampleUITests.swift in Sources */ = {isa = PBXBuildFile; fileRef = ADF22CF7215744740034AAE1 /* StrokeViewSampleUITests.swift */; };
/* End PBXBuildFile section */

/* Begin PBXContainerItemProxy section */
		ADF22CE9215744740034AAE1 /* PBXContainerItemProxy */ = {
			isa = PBXContainerItemProxy;
			containerPortal = ADF22CCC215744740034AAE1 /* Project object */;
			proxyType = 1;
			remoteGlobalIDString = ADF22CD3215744740034AAE1;
			remoteInfo = StrokeViewSample;
		};
		ADF22CF4215744740034AAE1 /* PBXContainerItemProxy */ = {
			isa = PBXContainerItemProxy;
			containerPortal = ADF22CCC215744740034AAE1 /* Project object */;
			proxyType = 1;
			remoteGlobalIDString = ADF22CD3215744740034AAE1;
			remoteInfo = StrokeViewSample;
		};
/* End PBXContainerItemProxy section */

/* Begin PBXFileReference section */
		ADF22CD4215744740034AAE1 /* StrokeViewSample.app */ = {isa = PBXFileReference; explicitFileType = wrapper.application; includeInIndex = 0; path = StrokeViewSample.app; sourceTree = BUILT_PRODUCTS_DIR; };
		ADF22CD7215744740034AAE1 /* AppDelegate.swift */ = {isa = PBXFileReference; lastKnownFileType = sourcecode.swift; path = AppDelegate.swift; sourceTree = "<group>"; };
		ADF22CD9215744740034AAE1 /* ViewController.swift */ = {isa = PBXFileReference; lastKnownFileType = sourcecode.swift; path = ViewController.swift; sourceTree = "<group>"; };
		ADF22CDC215744740034AAE1 /* Base */ = {isa = PBXFileReference; lastKnownFileType = file.storyboard; name = Base; path = Base.lproj/Main.storyboard; sourceTree = "<group>"; };
		ADF22CDE215744740034AAE1 /* Assets.xcassets */ = {isa = PBXFileReference; lastKnownFileType = folder.assetcatalog; path = Assets.xcassets; sourceTree = "<group>"; };
		ADF22CE1215744740034AAE1 /* Base */ = {isa = PBXFileReference; lastKnownFileType = file.storyboard; name = Base; path = Base.lproj/LaunchScreen.storyboard; sourceTree = "<group>"; };
		ADF22CE3215744740034AAE1 /* Info.plist */ = {isa = PBXFileReference; lastKnownFileType = text.plist.xml; path = Info.plist; sourceTree = "<group>"; };
		ADF22CE8215744740034AAE1 /* StrokeViewSampleTests.xctest */ = {isa = PBXFileReference; explicitFileType = wrapper.cfbundle; includeInIndex = 0; path = StrokeViewSampleTests.xctest; sourceTree = BUILT_PRODUCTS_DIR; };
		ADF22CEC215744740034AAE1 /* StrokeViewSampleTests.swift */ = {isa = PBXFileReference; lastKnownFileType = sourcecode.swift; path = StrokeViewSampleTests.swift; sourceTree = "<group>"; };
		ADF22CEE215744740034AAE1 /* Info.plist */ = {isa = PBXFileReference; lastKnownFileType = text.plist.xml; path = Info.plist; sourceTree = "<group>"; };
		ADF22CF3215744740034AAE1 /* StrokeViewSampleUITests.xctest */ = {isa = PBXFileReference; explicitFileType = wrapper.cfbundle; includeInIndex = 0; path = StrokeViewSampleUITests.xctest; sourceTree = BUILT_PRODUCTS_DIR; };
		ADF22CF7215744740034AAE1 /* StrokeViewSampleUITests.swift */ = {isa = PBXFileReference; lastKnownFileType = sourcecode.swift; path = StrokeViewSampleUITests.swift; sourceTree = "<group>"; };
		ADF22CF9215744740034AAE1 /* Info.plist */ = {isa = PBXFileReference; lastKnownFileType = text.plist.xml; path = Info.plist; sourceTree = "<group>"; };
/* End PBXFileReference section */

/* Begin PBXFrameworksBuildPhase section */
		ADF22CD1215744740034AAE1 /* Frameworks */ = {
			isa = PBXFrameworksBuildPhase;
			buildActionMask = 2147483647;
			files = (
			);
			runOnlyForDeploymentPostprocessing = 0;
		};
		ADF22CE5215744740034AAE1 /* Frameworks */ = {
			isa = PBXFrameworksBuildPhase;
			buildActionMask = 2147483647;
			files = (
			);
			runOnlyForDeploymentPostprocessing = 0;
		};
		ADF22CF0215744740034AAE1 /* Frameworks */ = {
			isa = PBXFrameworksBuildPhase;
			buildActionMask = 2147483647;
			files = (
			);
			runOnlyForDeploymentPostprocessing = 0;
		};
/* End PBXFrameworksBuildPhase section */

/* Begin PBXGroup section */
		ADF22CCB215744740034AAE1 = {
			isa = PBXGroup;
			children = (
				ADF22CD6215744740034AAE1 /* StrokeViewSample */,
				ADF22CEB215744740034AAE1 /* StrokeViewSampleTests */,
				ADF22CF6215744740034AAE1 /* StrokeViewSampleUITests */,
				ADF22CD5215744740034AAE1 /* Products */,
			);
			sourceTree = "<group>";
		};
		ADF22CD5215744740034AAE1 /* Products */ = {
			isa = PBXGroup;
			children = (
				ADF22CD4215744740034AAE1 /* StrokeViewSample.app */,
				ADF22CE8215744740034AAE1 /* StrokeViewSampleTests.xctest */,
				ADF22CF3215744740034AAE1 /* StrokeViewSampleUITests.xctest */,
			);
			name = Products;
			sourceTree = "<group>";
		};
		ADF22CD6215744740034AAE1 /* StrokeViewSample */ = {
			isa = PBXGroup;
			children = (
				ADF22CD7215744740034AAE1 /* AppDelegate.swift */,
				ADF22CD9215744740034AAE1 /* ViewController.swift */,
				ADF22CDB215744740034AAE1 /* Main.storyboard */,
				ADF22CDE215744740034AAE1 /* Assets.xcassets */,
				ADF22CE0215744740034AAE1 /* LaunchScreen.storyboard */,
				ADF22CE3215744740034AAE1 /* Info.plist */,
			);
			path = StrokeViewSample;
			sourceTree = "<group>";
		};
		ADF22CEB215744740034AAE1 /* StrokeViewSampleTests */ = {
			isa = PBXGroup;
			children = (
				ADF22CEC215744740034AAE1 /* StrokeViewSampleTests.swift */,
				ADF22CEE215744740034AAE1 /* Info.plist */,
			);
			path = StrokeViewSampleTests;
			sourceTree = "<group>";
		};
		ADF22CF6215744740034AAE1 /* StrokeViewSampleUITests */ = {
			isa = PBXGroup;
			children = (
				ADF22CF7215744740034AAE1 /* StrokeViewSampleUITests.swift */,
				ADF22CF9215744740034AAE1 /* Info.plist */,
			);
			path = StrokeViewSampleUITests;
			sourceTree = "<group>";
		};
/* End PBXGroup section */

/* Begin PBXNativeTarget section */
		ADF22CD3215744740034AAE1 /* StrokeViewSample */ = {
			isa = PBXNativeTarget;
			buildConfigurationList = ADF22CFC215744740034AAE1 /* Build configuration list for PBXNativeTarget "StrokeViewSample" */;
			buildPhases = (
				ADF22CD0215744740034AAE1 /* Sources */,
				ADF22CD1215744740034AAE1 /* Frameworks */,
				ADF22CD2215744740034AAE1 /* Resources */,
			);
			buildRules = (
			);
			dependencies = (
			);
			name = StrokeViewSample;
			productName = StrokeViewSample;
			productReference = ADF22CD4215744740034AAE1 /* StrokeViewSample.app */;
			productType = "com.apple.product-type.application";
		};
		ADF22CE7215744740034AAE1 /* StrokeViewSampleTests */ = {
			isa = PBXNativeTarget;
			buildConfigurationList = ADF22CFF215744740034AAE1 /* Build configuration list for PBXNativeTarget "StrokeViewSampleTests" */;
			buildPhases = (
				ADF22CE4215744740034AAE1 /* Sources */,
				ADF22CE5215744740034AAE1 /* Frameworks */,
				ADF22CE6215744740034AAE1 /* Resources */,
			);
			buildRules = (
			);
			dependencies = (
				ADF22CEA215744740034AAE1 /* PBXTargetDependency */,
			);
			name = StrokeViewSampleTests;
			productName = StrokeViewSampleTests;
			productReference = ADF22CE8215744740034AAE1 /* StrokeViewSampleTests.xctest */;
			productType = "com.apple.product-type.bundle.unit-test";
		};
		ADF22CF2215744740034AAE1 /* StrokeViewSampleUITests */ = {
			isa = PBXNativeTarget;
			buildConfigurationList = ADF22D02215744740034AAE1 /* Build configuration list for PBXNativeTarget "StrokeViewSampleUITests" */;
			buildPhases = (
				ADF22CEF215744740034AAE1 /* Sources */,
				ADF22CF0215744740034AAE1 /* Frameworks */,
				ADF22CF1215744740034AAE1 /* Resources */,
			);
			buildRules = (
			);
			dependencies = (
				ADF22CF5215744740034AAE1 /* PBXTargetDependency */,
			);
			name = StrokeViewSampleUITests;
			productName = StrokeViewSampleUITests;
			productReference = ADF22CF3215744740034AAE1 /* StrokeViewSampleUITests.xctest */;
			productType = "com.apple.product-type.bundle.ui-testing";
		};
/* End PBXNativeTarget section */

/* Begin PBXProject section */
		ADF22CCC215744740034AAE1 /* Project object */ = {
			isa = PBXProject;
			attributes = {
				LastSwiftUpdateCheck = 1000;
				LastUpgradeCheck = 1000;
				ORGANIZATIONNAME = "Kazuya Ueoka";
				TargetAttributes = {
					ADF22CD3215744740034AAE1 = {
						CreatedOnToolsVersion = 10.0;
					};
					ADF22CE7215744740034AAE1 = {
						CreatedOnToolsVersion = 10.0;
						TestTargetID = ADF22CD3215744740034AAE1;
					};
					ADF22CF2215744740034AAE1 = {
						CreatedOnToolsVersion = 10.0;
						TestTargetID = ADF22CD3215744740034AAE1;
					};
				};
			};
			buildConfigurationList = ADF22CCF215744740034AAE1 /* Build configuration list for PBXProject "StrokeViewSample" */;
			compatibilityVersion = "Xcode 9.3";
			developmentRegion = en;
			hasScannedForEncodings = 0;
			knownRegions = (
				en,
				Base,
			);
			mainGroup = ADF22CCB215744740034AAE1;
			productRefGroup = ADF22CD5215744740034AAE1 /* Products */;
			projectDirPath = "";
			projectRoot = "";
			targets = (
				ADF22CD3215744740034AAE1 /* StrokeViewSample */,
				ADF22CE7215744740034AAE1 /* StrokeViewSampleTests */,
				ADF22CF2215744740034AAE1 /* StrokeViewSampleUITests */,
			);
		};
/* End PBXProject section */

/* Begin PBXResourcesBuildPhase section */
		ADF22CD2215744740034AAE1 /* Resources */ = {
			isa = PBXResourcesBuildPhase;
			buildActionMask = 2147483647;
			files = (
				ADF22CE2215744740034AAE1 /* LaunchScreen.storyboard in Resources */,
				ADF22CDF215744740034AAE1 /* Assets.xcassets in Resources */,
				ADF22CDD215744740034AAE1 /* Main.storyboard in Resources */,
			);
			runOnlyForDeploymentPostprocessing = 0;
		};
		ADF22CE6215744740034AAE1 /* Resources */ = {
			isa = PBXResourcesBuildPhase;
			buildActionMask = 2147483647;
			files = (
			);
			runOnlyForDeploymentPostprocessing = 0;
		};
		ADF22CF1215744740034AAE1 /* Resources */ = {
			isa = PBXResourcesBuildPhase;
			buildActionMask = 2147483647;
			files = (
			);
			runOnlyForDeploymentPostprocessing = 0;
		};
/* End PBXResourcesBuildPhase section */

/* Begin PBXSourcesBuildPhase section */
		ADF22CD0215744740034AAE1 /* Sources */ = {
			isa = PBXSourcesBuildPhase;
			buildActionMask = 2147483647;
			files = (
				ADF22CDA215744740034AAE1 /* ViewController.swift in Sources */,
				ADF22CD8215744740034AAE1 /* AppDelegate.swift in Sources */,
			);
			runOnlyForDeploymentPostprocessing = 0;
		};
		ADF22CE4215744740034AAE1 /* Sources */ = {
			isa = PBXSourcesBuildPhase;
			buildActionMask = 2147483647;
			files = (
				ADF22CED215744740034AAE1 /* StrokeViewSampleTests.swift in Sources */,
			);
			runOnlyForDeploymentPostprocessing = 0;
		};
		ADF22CEF215744740034AAE1 /* Sources */ = {
			isa = PBXSourcesBuildPhase;
			buildActionMask = 2147483647;
			files = (
				ADF22CF8215744740034AAE1 /* StrokeViewSampleUITests.swift in Sources */,
			);
			runOnlyForDeploymentPostprocessing = 0;
		};
/* End PBXSourcesBuildPhase section */

/* Begin PBXTargetDependency section */
		ADF22CEA215744740034AAE1 /* PBXTargetDependency */ = {
			isa = PBXTargetDependency;
			target = ADF22CD3215744740034AAE1 /* StrokeViewSample */;
			targetProxy = ADF22CE9215744740034AAE1 /* PBXContainerItemProxy */;
		};
		ADF22CF5215744740034AAE1 /* PBXTargetDependency */ = {
			isa = PBXTargetDependency;
			target = ADF22CD3215744740034AAE1 /* StrokeViewSample */;
			targetProxy = ADF22CF4215744740034AAE1 /* PBXContainerItemProxy */;
		};
/* End PBXTargetDependency section */

/* Begin PBXVariantGroup section */
		ADF22CDB215744740034AAE1 /* Main.storyboard */ = {
			isa = PBXVariantGroup;
			children = (
				ADF22CDC215744740034AAE1 /* Base */,
			);
			name = Main.storyboard;
			sourceTree = "<group>";
		};
		ADF22CE0215744740034AAE1 /* LaunchScreen.storyboard */ = {
			isa = PBXVariantGroup;
			children = (
				ADF22CE1215744740034AAE1 /* Base */,
			);
			name = LaunchScreen.storyboard;
			sourceTree = "<group>";
		};
/* End PBXVariantGroup section */

/* Begin XCBuildConfiguration section */
		ADF22CFA215744740034AAE1 /* Debug */ = {
			isa = XCBuildConfiguration;
			buildSettings = {
				ALWAYS_SEARCH_USER_PATHS = NO;
				CLANG_ANALYZER_NONNULL = YES;
				CLANG_ANALYZER_NUMBER_OBJECT_CONVERSION = YES_AGGRESSIVE;
				CLANG_CXX_LANGUAGE_STANDARD = "gnu++14";
				CLANG_CXX_LIBRARY = "libc++";
				CLANG_ENABLE_MODULES = YES;
				CLANG_ENABLE_OBJC_ARC = YES;
				CLANG_ENABLE_OBJC_WEAK = YES;
				CLANG_WARN_BLOCK_CAPTURE_AUTORELEASING = YES;
				CLANG_WARN_BOOL_CONVERSION = YES;
				CLANG_WARN_COMMA = YES;
				CLANG_WARN_CONSTANT_CONVERSION = YES;
				CLANG_WARN_DEPRECATED_OBJC_IMPLEMENTATIONS = YES;
				CLANG_WARN_DIRECT_OBJC_ISA_USAGE = YES_ERROR;
				CLANG_WARN_DOCUMENTATION_COMMENTS = YES;
				CLANG_WARN_EMPTY_BODY = YES;
				CLANG_WARN_ENUM_CONVERSION = YES;
				CLANG_WARN_INFINITE_RECURSION = YES;
				CLANG_WARN_INT_CONVERSION = YES;
				CLANG_WARN_NON_LITERAL_NULL_CONVERSION = YES;
				CLANG_WARN_OBJC_IMPLICIT_RETAIN_SELF = YES;
				CLANG_WARN_OBJC_LITERAL_CONVERSION = YES;
				CLANG_WARN_OBJC_ROOT_CLASS = YES_ERROR;
				CLANG_WARN_RANGE_LOOP_ANALYSIS = YES;
				CLANG_WARN_STRICT_PROTOTYPES = YES;
				CLANG_WARN_SUSPICIOUS_MOVE = YES;
				CLANG_WARN_UNGUARDED_AVAILABILITY = YES_AGGRESSIVE;
				CLANG_WARN_UNREACHABLE_CODE = YES;
				CLANG_WARN__DUPLICATE_METHOD_MATCH = YES;
				CODE_SIGN_IDENTITY = "iPhone Developer";
				COPY_PHASE_STRIP = NO;
				DEBUG_INFORMATION_FORMAT = dwarf;
				ENABLE_STRICT_OBJC_MSGSEND = YES;
				ENABLE_TESTABILITY = YES;
				GCC_C_LANGUAGE_STANDARD = gnu11;
				GCC_DYNAMIC_NO_PIC = NO;
				GCC_NO_COMMON_BLOCKS = YES;
				GCC_OPTIMIZATION_LEVEL = 0;
				GCC_PREPROCESSOR_DEFINITIONS = (
					"DEBUG=1",
					"$(inherited)",
				);
				GCC_WARN_64_TO_32_BIT_CONVERSION = YES;
				GCC_WARN_ABOUT_RETURN_TYPE = YES_ERROR;
				GCC_WARN_UNDECLARED_SELECTOR = YES;
				GCC_WARN_UNINITIALIZED_AUTOS = YES_AGGRESSIVE;
				GCC_WARN_UNUSED_FUNCTION = YES;
				GCC_WARN_UNUSED_VARIABLE = YES;
				IPHONEOS_DEPLOYMENT_TARGET = 12.0;
				MTL_ENABLE_DEBUG_INFO = INCLUDE_SOURCE;
				MTL_FAST_MATH = YES;
				ONLY_ACTIVE_ARCH = YES;
				SDKROOT = iphoneos;
				SWIFT_ACTIVE_COMPILATION_CONDITIONS = DEBUG;
				SWIFT_OPTIMIZATION_LEVEL = "-Onone";
			};
			name = Debug;
		};
		ADF22CFB215744740034AAE1 /* Release */ = {
			isa = XCBuildConfiguration;
			buildSettings = {
				ALWAYS_SEARCH_USER_PATHS = NO;
				CLANG_ANALYZER_NONNULL = YES;
				CLANG_ANALYZER_NUMBER_OBJECT_CONVERSION = YES_AGGRESSIVE;
				CLANG_CXX_LANGUAGE_STANDARD = "gnu++14";
				CLANG_CXX_LIBRARY = "libc++";
				CLANG_ENABLE_MODULES = YES;
				CLANG_ENABLE_OBJC_ARC = YES;
				CLANG_ENABLE_OBJC_WEAK = YES;
				CLANG_WARN_BLOCK_CAPTURE_AUTORELEASING = YES;
				CLANG_WARN_BOOL_CONVERSION = YES;
				CLANG_WARN_COMMA = YES;
				CLANG_WARN_CONSTANT_CONVERSION = YES;
				CLANG_WARN_DEPRECATED_OBJC_IMPLEMENTATIONS = YES;
				CLANG_WARN_DIRECT_OBJC_ISA_USAGE = YES_ERROR;
				CLANG_WARN_DOCUMENTATION_COMMENTS = YES;
				CLANG_WARN_EMPTY_BODY = YES;
				CLANG_WARN_ENUM_CONVERSION = YES;
				CLANG_WARN_INFINITE_RECURSION = YES;
				CLANG_WARN_INT_CONVERSION = YES;
				CLANG_WARN_NON_LITERAL_NULL_CONVERSION = YES;
				CLANG_WARN_OBJC_IMPLICIT_RETAIN_SELF = YES;
				CLANG_WARN_OBJC_LITERAL_CONVERSION = YES;
				CLANG_WARN_OBJC_ROOT_CLASS = YES_ERROR;
				CLANG_WARN_RANGE_LOOP_ANALYSIS = YES;
				CLANG_WARN_STRICT_PROTOTYPES = YES;
				CLANG_WARN_SUSPICIOUS_MOVE = YES;
				CLANG_WARN_UNGUARDED_AVAILABILITY = YES_AGGRESSIVE;
				CLANG_WARN_UNREACHABLE_CODE = YES;
				CLANG_WARN__DUPLICATE_METHOD_MATCH = YES;
				CODE_SIGN_IDENTITY = "iPhone Developer";
				COPY_PHASE_STRIP = NO;
				DEBUG_INFORMATION_FORMAT = "dwarf-with-dsym";
				ENABLE_NS_ASSERTIONS = NO;
				ENABLE_STRICT_OBJC_MSGSEND = YES;
				GCC_C_LANGUAGE_STANDARD = gnu11;
				GCC_NO_COMMON_BLOCKS = YES;
				GCC_WARN_64_TO_32_BIT_CONVERSION = YES;
				GCC_WARN_ABOUT_RETURN_TYPE = YES_ERROR;
				GCC_WARN_UNDECLARED_SELECTOR = YES;
				GCC_WARN_UNINITIALIZED_AUTOS = YES_AGGRESSIVE;
				GCC_WARN_UNUSED_FUNCTION = YES;
				GCC_WARN_UNUSED_VARIABLE = YES;
				IPHONEOS_DEPLOYMENT_TARGET = 12.0;
				MTL_ENABLE_DEBUG_INFO = NO;
				MTL_FAST_MATH = YES;
				SDKROOT = iphoneos;
				SWIFT_COMPILATION_MODE = wholemodule;
				SWIFT_OPTIMIZATION_LEVEL = "-O";
				VALIDATE_PRODUCT = YES;
			};
			name = Release;
		};
		ADF22CFD215744740034AAE1 /* Debug */ = {
			isa = XCBuildConfiguration;
			buildSettings = {
				ASSETCATALOG_COMPILER_APPICON_NAME = AppIcon;
				CODE_SIGN_STYLE = Automatic;
				DEVELOPMENT_TEAM = K84E4S7G4C;
				INFOPLIST_FILE = StrokeViewSample/Info.plist;
				LD_RUNPATH_SEARCH_PATHS = (
					"$(inherited)",
					"@executable_path/Frameworks",
				);
				PRODUCT_BUNDLE_IDENTIFIER = me.fromkk.StrokeViewSample;
				PRODUCT_NAME = "$(TARGET_NAME)";
				SWIFT_VERSION = 4.2;
				TARGETED_DEVICE_FAMILY = "1,2";
			};
			name = Debug;
		};
		ADF22CFE215744740034AAE1 /* Release */ = {
			isa = XCBuildConfiguration;
			buildSettings = {
				ASSETCATALOG_COMPILER_APPICON_NAME = AppIcon;
				CODE_SIGN_STYLE = Automatic;
				DEVELOPMENT_TEAM = K84E4S7G4C;
				INFOPLIST_FILE = StrokeViewSample/Info.plist;
				LD_RUNPATH_SEARCH_PATHS = (
					"$(inherited)",
					"@executable_path/Frameworks",
				);
				PRODUCT_BUNDLE_IDENTIFIER = me.fromkk.StrokeViewSample;
				PRODUCT_NAME = "$(TARGET_NAME)";
				SWIFT_VERSION = 4.2;
				TARGETED_DEVICE_FAMILY = "1,2";
			};
			name = Release;
		};
		ADF22D00215744740034AAE1 /* Debug */ = {
			isa = XCBuildConfiguration;
			buildSettings = {
				ALWAYS_EMBED_SWIFT_STANDARD_LIBRARIES = YES;
				BUNDLE_LOADER = "$(TEST_HOST)";
				CODE_SIGN_STYLE = Automatic;
				DEVELOPMENT_TEAM = K84E4S7G4C;
				INFOPLIST_FILE = StrokeViewSampleTests/Info.plist;
				LD_RUNPATH_SEARCH_PATHS = (
					"$(inherited)",
					"@executable_path/Frameworks",
					"@loader_path/Frameworks",
				);
				PRODUCT_BUNDLE_IDENTIFIER = me.fromkk.StrokeViewSampleTests;
				PRODUCT_NAME = "$(TARGET_NAME)";
				SWIFT_VERSION = 4.2;
				TARGETED_DEVICE_FAMILY = "1,2";
				TEST_HOST = "$(BUILT_PRODUCTS_DIR)/StrokeViewSample.app/StrokeViewSample";
			};
			name = Debug;
		};
		ADF22D01215744740034AAE1 /* Release */ = {
			isa = XCBuildConfiguration;
			buildSettings = {
				ALWAYS_EMBED_SWIFT_STANDARD_LIBRARIES = YES;
				BUNDLE_LOADER = "$(TEST_HOST)";
				CODE_SIGN_STYLE = Automatic;
				DEVELOPMENT_TEAM = K84E4S7G4C;
				INFOPLIST_FILE = StrokeViewSampleTests/Info.plist;
				LD_RUNPATH_SEARCH_PATHS = (
					"$(inherited)",
					"@executable_path/Frameworks",
					"@loader_path/Frameworks",
				);
				PRODUCT_BUNDLE_IDENTIFIER = me.fromkk.StrokeViewSampleTests;
				PRODUCT_NAME = "$(TARGET_NAME)";
				SWIFT_VERSION = 4.2;
				TARGETED_DEVICE_FAMILY = "1,2";
				TEST_HOST = "$(BUILT_PRODUCTS_DIR)/StrokeViewSample.app/StrokeViewSample";
			};
			name = Release;
		};
		ADF22D03215744740034AAE1 /* Debug */ = {
			isa = XCBuildConfiguration;
			buildSettings = {
				ALWAYS_EMBED_SWIFT_STANDARD_LIBRARIES = YES;
				CODE_SIGN_STYLE = Automatic;
				DEVELOPMENT_TEAM = K84E4S7G4C;
				INFOPLIST_FILE = StrokeViewSampleUITests/Info.plist;
				LD_RUNPATH_SEARCH_PATHS = (
					"$(inherited)",
					"@executable_path/Frameworks",
					"@loader_path/Frameworks",
				);
				PRODUCT_BUNDLE_IDENTIFIER = me.fromkk.StrokeViewSampleUITests;
				PRODUCT_NAME = "$(TARGET_NAME)";
				SWIFT_VERSION = 4.2;
				TARGETED_DEVICE_FAMILY = "1,2";
				TEST_TARGET_NAME = StrokeViewSample;
			};
			name = Debug;
		};
		ADF22D04215744740034AAE1 /* Release */ = {
			isa = XCBuildConfiguration;
			buildSettings = {
				ALWAYS_EMBED_SWIFT_STANDARD_LIBRARIES = YES;
				CODE_SIGN_STYLE = Automatic;
				DEVELOPMENT_TEAM = K84E4S7G4C;
				INFOPLIST_FILE = StrokeViewSampleUITests/Info.plist;
				LD_RUNPATH_SEARCH_PATHS = (
					"$(inherited)",
					"@executable_path/Frameworks",
					"@loader_path/Frameworks",
				);
				PRODUCT_BUNDLE_IDENTIFIER = me.fromkk.StrokeViewSampleUITests;
				PRODUCT_NAME = "$(TARGET_NAME)";
				SWIFT_VERSION = 4.2;
				TARGETED_DEVICE_FAMILY = "1,2";
				TEST_TARGET_NAME = StrokeViewSample;
			};
			name = Release;
		};
/* End XCBuildConfiguration section */

/* Begin XCConfigurationList section */
		ADF22CCF215744740034AAE1 /* Build configuration list for PBXProject "StrokeViewSample" */ = {
			isa = XCConfigurationList;
			buildConfigurations = (
				ADF22CFA215744740034AAE1 /* Debug */,
				ADF22CFB215744740034AAE1 /* Release */,
			);
			defaultConfigurationIsVisible = 0;
			defaultConfigurationName = Release;
		};
		ADF22CFC215744740034AAE1 /* Build configuration list for PBXNativeTarget "StrokeViewSample" */ = {
			isa = XCConfigurationList;
			buildConfigurations = (
				ADF22CFD215744740034AAE1 /* Debug */,
				ADF22CFE215744740034AAE1 /* Release */,
			);
			defaultConfigurationIsVisible = 0;
			defaultConfigurationName = Release;
		};
		ADF22CFF215744740034AAE1 /* Build configuration list for PBXNativeTarget "StrokeViewSampleTests" */ = {
			isa = XCConfigurationList;
			buildConfigurations = (
				ADF22D00215744740034AAE1 /* Debug */,
				ADF22D01215744740034AAE1 /* Release */,
			);
			defaultConfigurationIsVisible = 0;
			defaultConfigurationName = Release;
		};
		ADF22D02215744740034AAE1 /* Build configuration list for PBXNativeTarget "StrokeViewSampleUITests" */ = {
			isa = XCConfigurationList;
			buildConfigurations = (
				ADF22D03215744740034AAE1 /* Debug */,
				ADF22D04215744740034AAE1 /* Release */,
			);
			defaultConfigurationIsVisible = 0;
			defaultConfigurationName = Release;
		};
/* End XCConfigurationList section */
	};
	rootObject = ADF22CCC215744740034AAE1 /* Project object */;
}
